
Microsoft Visual Studio Solution File, Format Version 12.00
# Visual Studio Version 17
VisualStudioVersion = 17.10.35027.167
MinimumVisualStudioVersion = 10.0.40219.1
Project("{9A19103F-16F7-4668-BE54-9A1E7A4F7556}") = "RazorUI", "RazorUI\RazorUI.csproj", "{94D65BE7-ADBD-4330-821D-1C2836E252B6}"
EndProject
Project("{9A19103F-16F7-4668-BE54-9A1E7A4F7556}") = "Test", "Test\Test.csproj", "{8069FC9C-6157-4DA8-A230-8BD946B61B66}"
EndProject
Global
	GlobalSection(SolutionConfigurationPlatforms) = preSolution
		Debug|Any CPU = Debug|Any CPU
		Release|Any CPU = Release|Any CPU
	EndGlobalSection
	GlobalSection(ProjectConfigurationPlatforms) = postSolution
		{94D65BE7-ADBD-4330-821D-1C2836E252B6}.Debug|Any CPU.ActiveCfg = Debug|Any CPU
		{94D65BE7-ADBD-4330-821D-1C2836E252B6}.Debug|Any CPU.Build.0 = Debug|Any CPU
		{94D65BE7-ADBD-4330-821D-1C2836E252B6}.Release|Any CPU.ActiveCfg = Release|Any CPU
		{94D65BE7-ADBD-4330-821D-1C2836E252B6}.Release|Any CPU.Build.0 = Release|Any CPU
		{8069FC9C-6157-4DA8-A230-8BD946B61B66}.Debug|Any CPU.ActiveCfg = Debug|Any CPU
		{8069FC9C-6157-4DA8-A230-8BD946B61B66}.Debug|Any CPU.Build.0 = Debug|Any CPU
		{8069FC9C-6157-4DA8-A230-8BD946B61B66}.Release|Any CPU.ActiveCfg = Release|Any CPU
		{8069FC9C-6157-4DA8-A230-8BD946B61B66}.Release|Any CPU.Build.0 = Release|Any CPU
	EndGlobalSection
	GlobalSection(SolutionProperties) = preSolution
		HideSolutionNode = FALSE
	EndGlobalSection
	GlobalSection(ExtensibilityGlobals) = postSolution
		SolutionGuid = {108C8961-58C7-44CC-9FEC-AD1BFEBC08FB}
	EndGlobalSection
EndGlobal
